// !$*UTF8*$!
{
	archiveVersion = 1;
	classes = {
	};
	objectVersion = 46;
	objects = {

/* Begin PBXBuildFile section */
		388BFAAF1B5408F20050C054 /* main.m in Sources */ = {isa = PBXBuildFile; fileRef = 388BFAAE1B5408F20050C054 /* main.m */; };
		388BFAB21B5408F20050C054 /* AppDelegate.m in Sources */ = {isa = PBXBuildFile; fileRef = 388BFAB11B5408F20050C054 /* AppDelegate.m */; };
		388BFAB51B5408F20050C054 /* ViewController.m in Sources */ = {isa = PBXBuildFile; fileRef = 388BFAB41B5408F20050C054 /* ViewController.m */; };
		388BFAB81B5408F20050C054 /* Main.storyboard in Resources */ = {isa = PBXBuildFile; fileRef = 388BFAB61B5408F20050C054 /* Main.storyboard */; };
		388BFABA1B5408F20050C054 /* Images.xcassets in Resources */ = {isa = PBXBuildFile; fileRef = 388BFAB91B5408F20050C054 /* Images.xcassets */; };
		388BFABD1B5408F20050C054 /* LaunchScreen.xib in Resources */ = {isa = PBXBuildFile; fileRef = 388BFABB1B5408F20050C054 /* LaunchScreen.xib */; };
		388BFAC91B5408F20050C054 /* iPhone_1Tests.m in Sources */ = {isa = PBXBuildFile; fileRef = 388BFAC81B5408F20050C054 /* iPhone_1Tests.m */; };
/* End PBXBuildFile section */

/* Begin PBXContainerItemProxy section */
		388BFAC31B5408F20050C054 /* PBXContainerItemProxy */ = {
			isa = PBXContainerItemProxy;
			containerPortal = 388BFAA11B5408F10050C054 /* Project object */;
			proxyType = 1;
			remoteGlobalIDString = 388BFAA81B5408F20050C054;
			remoteInfo = iPhone_1;
		};
/* End PBXContainerItemProxy section */

/* Begin PBXFileReference section */
		388BFAA91B5408F20050C054 /* iPhone_1.app */ = {isa = PBXFileReference; explicitFileType = wrapper.application; includeInIndex = 0; path = iPhone_1.app; sourceTree = BUILT_PRODUCTS_DIR; };
		388BFAAD1B5408F20050C054 /* Info.plist */ = {isa = PBXFileReference; lastKnownFileType = text.plist.xml; path = Info.plist; sourceTree = "<group>"; };
		388BFAAE1B5408F20050C054 /* main.m */ = {isa = PBXFileReference; lastKnownFileType = sourcecode.c.objc; path = main.m; sourceTree = "<group>"; };
		388BFAB01B5408F20050C054 /* AppDelegate.h */ = {isa = PBXFileReference; lastKnownFileType = sourcecode.c.h; path = AppDelegate.h; sourceTree = "<group>"; };
		388BFAB11B5408F20050C054 /* AppDelegate.m */ = {isa = PBXFileReference; lastKnownFileType = sourcecode.c.objc; path = AppDelegate.m; sourceTree = "<group>"; };
		388BFAB31B5408F20050C054 /* ViewController.h */ = {isa = PBXFileReference; lastKnownFileType = sourcecode.c.h; path = ViewController.h; sourceTree = "<group>"; };
		388BFAB41B5408F20050C054 /* ViewController.m */ = {isa = PBXFileReference; lastKnownFileType = sourcecode.c.objc; path = ViewController.m; sourceTree = "<group>"; };
		388BFAB71B5408F20050C054 /* Base */ = {isa = PBXFileReference; lastKnownFileType = file.storyboard; name = Base; path = Base.lproj/Main.storyboard; sourceTree = "<group>"; };
		388BFAB91B5408F20050C054 /* Images.xcassets */ = {isa = PBXFileReference; lastKnownFileType = folder.assetcatalog; path = Images.xcassets; sourceTree = "<group>"; };
		388BFABC1B5408F20050C054 /* Base */ = {isa = PBXFileReference; lastKnownFileType = file.xib; name = Base; path = Base.lproj/LaunchScreen.xib; sourceTree = "<group>"; };
		388BFAC21B5408F20050C054 /* iPhone_1Tests.xctest */ = {isa = PBXFileReference; explicitFileType = wrapper.cfbundle; includeInIndex = 0; path = iPhone_1Tests.xctest; sourceTree = BUILT_PRODUCTS_DIR; };
		388BFAC71B5408F20050C054 /* Info.plist */ = {isa = PBXFileReference; lastKnownFileType = text.plist.xml; path = Info.plist; sourceTree = "<group>"; };
		388BFAC81B5408F20050C054 /* iPhone_1Tests.m */ = {isa = PBXFileReference; lastKnownFileType = sourcecode.c.objc; path = iPhone_1Tests.m; sourceTree = "<group>"; };
/* End PBXFileReference section */

/* Begin PBXFrameworksBuildPhase section */
		388BFAA61B5408F20050C054 /* Frameworks */ = {
			isa = PBXFrameworksBuildPhase;
			buildActionMask = 2147483647;
			files = (
			);
			runOnlyForDeploymentPostprocessing = 0;
		};
		388BFABF1B5408F20050C054 /* Frameworks */ = {
			isa = PBXFrameworksBuildPhase;
			buildActionMask = 2147483647;
			files = (
			);
			runOnlyForDeploymentPostprocessing = 0;
		};
/* End PBXFrameworksBuildPhase section */

/* Begin PBXGroup section */
		388BFAA01B5408F10050C054 = {
			isa = PBXGroup;
			children = (
				388BFAAB1B5408F20050C054 /* iPhone_1 */,
				388BFAC51B5408F20050C054 /* iPhone_1Tests */,
				388BFAAA1B5408F20050C054 /* Products */,
			);
			sourceTree = "<group>";
		};
		388BFAAA1B5408F20050C054 /* Products */ = {
			isa = PBXGroup;
			children = (
				388BFAA91B5408F20050C054 /* iPhone_1.app */,
				388BFAC21B5408F20050C054 /* iPhone_1Tests.xctest */,
			);
			name = Products;
			sourceTree = "<group>";
		};
		388BFAAB1B5408F20050C054 /* iPhone_1 */ = {
			isa = PBXGroup;
			children = (
				388BFAB01B5408F20050C054 /* AppDelegate.h */,
				388BFAB11B5408F20050C054 /* AppDelegate.m */,
				388BFAB31B5408F20050C054 /* ViewController.h */,
				388BFAB41B5408F20050C054 /* ViewController.m */,
				388BFAB61B5408F20050C054 /* Main.storyboard */,
				388BFAB91B5408F20050C054 /* Images.xcassets */,
				388BFABB1B5408F20050C054 /* LaunchScreen.xib */,
				388BFAAC1B5408F20050C054 /* Supporting Files */,
			);
			path = iPhone_1;
			sourceTree = "<group>";
		};
		388BFAAC1B5408F20050C054 /* Supporting Files */ = {
			isa = PBXGroup;
			children = (
				388BFAAD1B5408F20050C054 /* Info.plist */,
				388BFAAE1B5408F20050C054 /* main.m */,
			);
			name = "Supporting Files";
			sourceTree = "<group>";
		};
		388BFAC51B5408F20050C054 /* iPhone_1Tests */ = {
			isa = PBXGroup;
			children = (
				388BFAC81B5408F20050C054 /* iPhone_1Tests.m */,
				388BFAC61B5408F20050C054 /* Supporting Files */,
			);
			path = iPhone_1Tests;
			sourceTree = "<group>";
		};
		388BFAC61B5408F20050C054 /* Supporting Files */ = {
			isa = PBXGroup;
			children = (
				388BFAC71B5408F20050C054 /* Info.plist */,
			);
			name = "Supporting Files";
			sourceTree = "<group>";
		};
/* End PBXGroup section */

/* Begin PBXNativeTarget section */
		388BFAA81B5408F20050C054 /* iPhone_1 */ = {
			isa = PBXNativeTarget;
			buildConfigurationList = 388BFACC1B5408F20050C054 /* Build configuration list for PBXNativeTarget "iPhone_1" */;
			buildPhases = (
				388BFAA51B5408F20050C054 /* Sources */,
				388BFAA61B5408F20050C054 /* Frameworks */,
				388BFAA71B5408F20050C054 /* Resources */,
			);
			buildRules = (
			);
			dependencies = (
			);
			name = iPhone_1;
			productName = iPhone_1;
			productReference = 388BFAA91B5408F20050C054 /* iPhone_1.app */;
			productType = "com.apple.product-type.application";
		};
		388BFAC11B5408F20050C054 /* iPhone_1Tests */ = {
			isa = PBXNativeTarget;
			buildConfigurationList = 388BFACF1B5408F20050C054 /* Build configuration list for PBXNativeTarget "iPhone_1Tests" */;
			buildPhases = (
				388BFABE1B5408F20050C054 /* Sources */,
				388BFABF1B5408F20050C054 /* Frameworks */,
				388BFAC01B5408F20050C054 /* Resources */,
			);
			buildRules = (
			);
			dependencies = (
				388BFAC41B5408F20050C054 /* PBXTargetDependency */,
			);
			name = iPhone_1Tests;
			productName = iPhone_1Tests;
			productReference = 388BFAC21B5408F20050C054 /* iPhone_1Tests.xctest */;
			productType = "com.apple.product-type.bundle.unit-test";
		};
/* End PBXNativeTarget section */

/* Begin PBXProject section */
		388BFAA11B5408F10050C054 /* Project object */ = {
			isa = PBXProject;
			attributes = {
				LastUpgradeCheck = 0600;
				ORGANIZATIONNAME = junp;
				TargetAttributes = {
					388BFAA81B5408F20050C054 = {
						CreatedOnToolsVersion = 6.0.1;
					};
					388BFAC11B5408F20050C054 = {
						CreatedOnToolsVersion = 6.0.1;
						TestTargetID = 388BFAA81B5408F20050C054;
					};
				};
			};
			buildConfigurationList = 388BFAA41B5408F10050C054 /* Build configuration list for PBXProject "iPhone_1" */;
			compatibilityVersion = "Xcode 3.2";
			developmentRegion = English;
			hasScannedForEncodings = 0;
			knownRegions = (
				en,
				Base,
			);
			mainGroup = 388BFAA01B5408F10050C054;
			productRefGroup = 388BFAAA1B5408F20050C054 /* Products */;
			projectDirPath = "";
			projectRoot = "";
			targets = (
				388BFAA81B5408F20050C054 /* iPhone_1 */,
				388BFAC11B5408F20050C054 /* iPhone_1Tests */,
			);
		};
/* End PBXProject section */

/* Begin PBXResourcesBuildPhase section */
		388BFAA71B5408F20050C054 /* Resources */ = {
			isa = PBXResourcesBuildPhase;
			buildActionMask = 2147483647;
			files = (
				388BFAB81B5408F20050C054 /* Main.storyboard in Resources */,
				388BFABD1B5408F20050C054 /* LaunchScreen.xib in Resources */,
				388BFABA1B5408F20050C054 /* Images.xcassets in Resources */,
			);
			runOnlyForDeploymentPostprocessing = 0;
		};
		388BFAC01B5408F20050C054 /* Resources */ = {
			isa = PBXResourcesBuildPhase;
			buildActionMask = 2147483647;
			files = (
			);
			runOnlyForDeploymentPostprocessing = 0;
		};
/* End PBXResourcesBuildPhase section */

/* Begin PBXSourcesBuildPhase section */
		388BFAA51B5408F20050C054 /* Sources */ = {
			isa = PBXSourcesBuildPhase;
			buildActionMask = 2147483647;
			files = (
				388BFAB51B5408F20050C054 /* ViewController.m in Sources */,
				388BFAB21B5408F20050C054 /* AppDelegate.m in Sources */,
				388BFAAF1B5408F20050C054 /* main.m in Sources */,
			);
			runOnlyForDeploymentPostprocessing = 0;
		};
		388BFABE1B5408F20050C054 /* Sources */ = {
			isa = PBXSourcesBuildPhase;
			buildActionMask = 2147483647;
			files = (
				388BFAC91B5408F20050C054 /* iPhone_1Tests.m in Sources */,
			);
			runOnlyForDeploymentPostprocessing = 0;
		};
/* End PBXSourcesBuildPhase section */

/* Begin PBXTargetDependency section */
		388BFAC41B5408F20050C054 /* PBXTargetDependency */ = {
			isa = PBXTargetDependency;
			target = 388BFAA81B5408F20050C054 /* iPhone_1 */;
			targetProxy = 388BFAC31B5408F20050C054 /* PBXContainerItemProxy */;
		};
/* End PBXTargetDependency section */

/* Begin PBXVariantGroup section */
		388BFAB61B5408F20050C054 /* Main.storyboard */ = {
			isa = PBXVariantGroup;
			children = (
				388BFAB71B5408F20050C054 /* Base */,
			);
			name = Main.storyboard;
			sourceTree = "<group>";
		};
		388BFABB1B5408F20050C054 /* LaunchScreen.xib */ = {
			isa = PBXVariantGroup;
			children = (
				388BFABC1B5408F20050C054 /* Base */,
			);
			name = LaunchScreen.xib;
			sourceTree = "<group>";
		};
/* End PBXVariantGroup section */

/* Begin XCBuildConfiguration section */
		388BFACA1B5408F20050C054 /* Debug */ = {
			isa = XCBuildConfiguration;
			buildSettings = {
				ALWAYS_SEARCH_USER_PATHS = NO;
				CLANG_CXX_LANGUAGE_STANDARD = "gnu++0x";
				CLANG_CXX_LIBRARY = "libc++";
				CLANG_ENABLE_MODULES = YES;
				CLANG_ENABLE_OBJC_ARC = YES;
				CLANG_WARN_BOOL_CONVERSION = YES;
				CLANG_WARN_CONSTANT_CONVERSION = YES;
				CLANG_WARN_DIRECT_OBJC_ISA_USAGE = YES_ERROR;
				CLANG_WARN_EMPTY_BODY = YES;
				CLANG_WARN_ENUM_CONVERSION = YES;
				CLANG_WARN_INT_CONVERSION = YES;
				CLANG_WARN_OBJC_ROOT_CLASS = YES_ERROR;
				CLANG_WARN_UNREACHABLE_CODE = YES;
				CLANG_WARN__DUPLICATE_METHOD_MATCH = YES;
				"CODE_SIGN_IDENTITY[sdk=iphoneos*]" = "iPhone Developer";
				COPY_PHASE_STRIP = NO;
				ENABLE_STRICT_OBJC_MSGSEND = YES;
				GCC_C_LANGUAGE_STANDARD = gnu99;
				GCC_DYNAMIC_NO_PIC = NO;
				GCC_OPTIMIZATION_LEVEL = 0;
				GCC_PREPROCESSOR_DEFINITIONS = (
					"DEBUG=1",
					"$(inherited)",
				);
				GCC_SYMBOLS_PRIVATE_EXTERN = NO;
				GCC_WARN_64_TO_32_BIT_CONVERSION = YES;
				GCC_WARN_ABOUT_RETURN_TYPE = YES_ERROR;
				GCC_WARN_UNDECLARED_SELECTOR = YES;
				GCC_WARN_UNINITIALIZED_AUTOS = YES_AGGRESSIVE;
				GCC_WARN_UNUSED_FUNCTION = YES;
				GCC_WARN_UNUSED_VARIABLE = YES;
				IPHONEOS_DEPLOYMENT_TARGET = 8.0;
				MTL_ENABLE_DEBUG_INFO = YES;
				ONLY_ACTIVE_ARCH = YES;
				SDKROOT = iphoneos;
			};
			name = Debug;
		};
		388BFACB1B5408F20050C054 /* Release */ = {
			isa = XCBuildConfiguration;
			buildSettings = {
				ALWAYS_SEARCH_USER_PATHS = NO;
				CLANG_CXX_LANGUAGE_STANDARD = "gnu++0x";
				CLANG_CXX_LIBRARY = "libc++";
				CLANG_ENABLE_MODULES = YES;
				CLANG_ENABLE_OBJC_ARC = YES;
				CLANG_WARN_BOOL_CONVERSION = YES;
				CLANG_WARN_CONSTANT_CONVERSION = YES;
				CLANG_WARN_DIRECT_OBJC_ISA_USAGE = YES_ERROR;
				CLANG_WARN_EMPTY_BODY = YES;
				CLANG_WARN_ENUM_CONVERSION = YES;
				CLANG_WARN_INT_CONVERSION = YES;
				CLANG_WARN_OBJC_ROOT_CLASS = YES_ERROR;
				CLANG_WARN_UNREACHABLE_CODE = YES;
				CLANG_WARN__DUPLICATE_METHOD_MATCH = YES;
				"CODE_SIGN_IDENTITY[sdk=iphoneos*]" = "iPhone Developer";
				COPY_PHASE_STRIP = YES;
				ENABLE_NS_ASSERTIONS = NO;
				ENABLE_STRICT_OBJC_MSGSEND = YES;
				GCC_C_LANGUAGE_STANDARD = gnu99;
				GCC_WARN_64_TO_32_BIT_CONVERSION = YES;
				GCC_WARN_ABOUT_RETURN_TYPE = YES_ERROR;
				GCC_WARN_UNDECLARED_SELECTOR = YES;
				GCC_WARN_UNINITIALIZED_AUTOS = YES_AGGRESSIVE;
				GCC_WARN_UNUSED_FUNCTION = YES;
				GCC_WARN_UNUSED_VARIABLE = YES;
				IPHONEOS_DEPLOYMENT_TARGET = 8.0;
				MTL_ENABLE_DEBUG_INFO = NO;
				SDKROOT = iphoneos;
				VALIDATE_PRODUCT = YES;
			};
			name = Release;
		};
		388BFACD1B5408F20050C054 /* Debug */ = {
			isa = XCBuildConfiguration;
			buildSettings = {
				ASSETCATALOG_COMPILER_APPICON_NAME = AppIcon;
				INFOPLIST_FILE = iPhone_1/Info.plist;
				LD_RUNPATH_SEARCH_PATHS = "$(inherited) @executable_path/Frameworks";
				PRODUCT_NAME = "$(TARGET_NAME)";
			};
			name = Debug;
		};
		388BFACE1B5408F20050C054 /* Release */ = {
			isa = XCBuildConfiguration;
			buildSettings = {
				ASSETCATALOG_COMPILER_APPICON_NAME = AppIcon;
				INFOPLIST_FILE = iPhone_1/Info.plist;
				LD_RUNPATH_SEARCH_PATHS = "$(inherited) @executable_path/Frameworks";
				PRODUCT_NAME = "$(TARGET_NAME)";
			};
			name = Release;
		};
		388BFAD01B5408F20050C054 /* Debug */ = {
			isa = XCBuildConfiguration;
			buildSettings = {
				BUNDLE_LOADER = "$(TEST_HOST)";
				FRAMEWORK_SEARCH_PATHS = (
					"$(SDKROOT)/Developer/Library/Frameworks",
					"$(inherited)",
				);
				GCC_PREPROCESSOR_DEFINITIONS = (
					"DEBUG=1",
					"$(inherited)",
				);
				INFOPLIST_FILE = iPhone_1Tests/Info.plist;
				LD_RUNPATH_SEARCH_PATHS = "$(inherited) @executable_path/Frameworks @loader_path/Frameworks";
				PRODUCT_NAME = "$(TARGET_NAME)";
				TEST_HOST = "$(BUILT_PRODUCTS_DIR)/iPhone_1.app/iPhone_1";
			};
			name = Debug;
		};
		388BFAD11B5408F20050C054 /* Release */ = {
			isa = XCBuildConfiguration;
			buildSettings = {
				BUNDLE_LOADER = "$(TEST_HOST)";
				FRAMEWORK_SEARCH_PATHS = (
					"$(SDKROOT)/Developer/Library/Frameworks",
					"$(inherited)",
				);
				INFOPLIST_FILE = iPhone_1Tests/Info.plist;
				LD_RUNPATH_SEARCH_PATHS = "$(inherited) @executable_path/Frameworks @loader_path/Frameworks";
				PRODUCT_NAME = "$(TARGET_NAME)";
				TEST_HOST = "$(BUILT_PRODUCTS_DIR)/iPhone_1.app/iPhone_1";
			};
			name = Release;
		};
/* End XCBuildConfiguration section */

/* Begin XCConfigurationList section */
		388BFAA41B5408F10050C054 /* Build configuration list for PBXProject "iPhone_1" */ = {
			isa = XCConfigurationList;
			buildConfigurations = (
				388BFACA1B5408F20050C054 /* Debug */,
				388BFACB1B5408F20050C054 /* Release */,
			);
			defaultConfigurationIsVisible = 0;
			defaultConfigurationName = Release;
		};
		388BFACC1B5408F20050C054 /* Build configuration list for PBXNativeTarget "iPhone_1" */ = {
			isa = XCConfigurationList;
			buildConfigurations = (
				388BFACD1B5408F20050C054 /* Debug */,
				388BFACE1B5408F20050C054 /* Release */,
			);
			defaultConfigurationIsVisible = 0;
			defaultConfigurationName = Release;
		};
		388BFACF1B5408F20050C054 /* Build configuration list for PBXNativeTarget "iPhone_1Tests" */ = {
			isa = XCConfigurationList;
			buildConfigurations = (
				388BFAD01B5408F20050C054 /* Debug */,
				388BFAD11B5408F20050C054 /* Release */,
			);
			defaultConfigurationIsVisible = 0;
			defaultConfigurationName = Release;
		};
/* End XCConfigurationList section */
	};
	rootObject = 388BFAA11B5408F10050C054 /* Project object */;
}
